{
  "version": 4,
  "terraform_version": "1.9.7",
  "serial": 211,
  "lineage": "2c0d4abf-05c8-969a-4e69-aef3ad9cadba",
  "outputs": {},
  "resources": [
    {
      "module": "module.this",
      "mode": "managed",
      "type": "aws_athena_workgroup",
      "name": "this",
      "provider": "provider[\"registry.terraform.io/hashicorp/aws\"]",
      "instances": [
        {
          "schema_version": 0,
          "attributes": {
            "arn": "arn:aws:athena:us-east-1:242893352918:workgroup/s2s-us-east-1-alb-logs-workgroup",
            "configuration": [
              {
                "bytes_scanned_cutoff_per_query": 0,
                "enforce_workgroup_configuration": true,
                "engine_version": [
                  {
                    "effective_engine_version": "Athena engine version 3",
                    "selected_engine_version": "AUTO"
                  }
                ],
                "execution_role": "",
                "publish_cloudwatch_metrics_enabled": true,
                "requester_pays_enabled": false,
                "result_configuration": [
                  {
                    "acl_configuration": [],
                    "encryption_configuration": [],
                    "expected_bucket_owner": "",
                    "output_location": "s3://s2s-us-east-1-alb-logs-query-results/"
                  }
                ]
              }
            ],
            "description": "",
            "force_destroy": false,
            "id": "s2s-us-east-1-alb-logs-workgroup",
            "name": "s2s-us-east-1-alb-logs-workgroup",
            "state": "ENABLED",
            "tags": {},
            "tags_all": {}
          },
          "sensitive_attributes": [],
          "private": "bnVsbA==",
          "dependencies": [
            "module.this.aws_s3_bucket.destination_bucket"
          ]
        }
      ]
    }
  ],
  "check_results": [
    {
      "object_kind": "var",
      "config_addr": "module.this.module.this.var.type",
      "status": "unknown",
      "objects": null
    }
  ]
}
